// !$*UTF8*$!
{
	archiveVersion = 1;
	classes = {
	};
	objectVersion = 56;
	objects = {

/* Begin PBXBuildFile section */
		32254A5A2909479300F1FD97 /* colours.c in Sources */ = {isa = PBXBuildFile; fileRef = 32254A592909479300F1FD97 /* colours.c */; };
		32254A5C2909479A00F1FD97 /* error_handling.c in Sources */ = {isa = PBXBuildFile; fileRef = 32254A5B2909479A00F1FD97 /* error_handling.c */; };
		32254A5E290947A100F1FD97 /* exam_gnl.c in Sources */ = {isa = PBXBuildFile; fileRef = 32254A5D290947A100F1FD97 /* exam_gnl.c */; };
		32254A60290947AC00F1FD97 /* form_gamestate.c in Sources */ = {isa = PBXBuildFile; fileRef = 32254A5F290947AC00F1FD97 /* form_gamestate.c */; };
		32254A62290947B200F1FD97 /* form_data_structure.c in Sources */ = {isa = PBXBuildFile; fileRef = 32254A61290947B200F1FD97 /* form_data_structure.c */; };
		32254A64290947B900F1FD97 /* initiate_map_size.c in Sources */ = {isa = PBXBuildFile; fileRef = 32254A63290947B900F1FD97 /* initiate_map_size.c */; };
		32254A66290947C200F1FD97 /* initiate_data.c in Sources */ = {isa = PBXBuildFile; fileRef = 32254A65290947C200F1FD97 /* initiate_data.c */; };
		32254A68290947C900F1FD97 /* main.c in Sources */ = {isa = PBXBuildFile; fileRef = 32254A67290947C900F1FD97 /* main.c */; };
		32254A6A290947D100F1FD97 /* map_tiles_utils.c in Sources */ = {isa = PBXBuildFile; fileRef = 32254A69290947D100F1FD97 /* map_tiles_utils.c */; };
		32254A6C290947D800F1FD97 /* read_map.c in Sources */ = {isa = PBXBuildFile; fileRef = 32254A6B290947D800F1FD97 /* read_map.c */; };
		32254A70290947E200F1FD97 /* textures.c in Sources */ = {isa = PBXBuildFile; fileRef = 32254A6F290947E200F1FD97 /* textures.c */; };
		32254AA02909481F00F1FD97 /* ft_isdigit.c in Sources */ = {isa = PBXBuildFile; fileRef = 32254A712909481E00F1FD97 /* ft_isdigit.c */; };
		32254AA12909481F00F1FD97 /* ft_strmapi.c in Sources */ = {isa = PBXBuildFile; fileRef = 32254A722909481E00F1FD97 /* ft_strmapi.c */; };
		32254AA22909481F00F1FD97 /* ft_isascii.c in Sources */ = {isa = PBXBuildFile; fileRef = 32254A732909481E00F1FD97 /* ft_isascii.c */; };
		32254AA32909481F00F1FD97 /* ft_lstmap.c in Sources */ = {isa = PBXBuildFile; fileRef = 32254A742909481E00F1FD97 /* ft_lstmap.c */; };
		32254AA42909481F00F1FD97 /* ft_lstsize.c in Sources */ = {isa = PBXBuildFile; fileRef = 32254A752909481E00F1FD97 /* ft_lstsize.c */; };
		32254AA52909481F00F1FD97 /* ft_lstadd_back.c in Sources */ = {isa = PBXBuildFile; fileRef = 32254A762909481E00F1FD97 /* ft_lstadd_back.c */; };
		32254AA62909481F00F1FD97 /* ft_strncmp.c in Sources */ = {isa = PBXBuildFile; fileRef = 32254A772909481E00F1FD97 /* ft_strncmp.c */; };
		32254AA72909481F00F1FD97 /* ft_memccpy.c in Sources */ = {isa = PBXBuildFile; fileRef = 32254A782909481E00F1FD97 /* ft_memccpy.c */; };
		32254AA82909481F00F1FD97 /* ft_lstlast.c in Sources */ = {isa = PBXBuildFile; fileRef = 32254A792909481E00F1FD97 /* ft_lstlast.c */; };
		32254AA92909481F00F1FD97 /* ft_strnstr.c in Sources */ = {isa = PBXBuildFile; fileRef = 32254A7A2909481E00F1FD97 /* ft_strnstr.c */; };
		32254AAA2909481F00F1FD97 /* ft_lstclear.c in Sources */ = {isa = PBXBuildFile; fileRef = 32254A7B2909481E00F1FD97 /* ft_lstclear.c */; };
		32254AAB2909481F00F1FD97 /* ft_putchar_fd.c in Sources */ = {isa = PBXBuildFile; fileRef = 32254A7C2909481E00F1FD97 /* ft_putchar_fd.c */; };
		32254AAC2909481F00F1FD97 /* ft_strtrim.c in Sources */ = {isa = PBXBuildFile; fileRef = 32254A7D2909481E00F1FD97 /* ft_strtrim.c */; };
		32254AAD2909481F00F1FD97 /* ft_substr.c in Sources */ = {isa = PBXBuildFile; fileRef = 32254A7E2909481E00F1FD97 /* ft_substr.c */; };
		32254AAE2909481F00F1FD97 /* ft_atoi.c in Sources */ = {isa = PBXBuildFile; fileRef = 32254A7F2909481E00F1FD97 /* ft_atoi.c */; };
		32254AAF2909481F00F1FD97 /* ft_memmove.c in Sources */ = {isa = PBXBuildFile; fileRef = 32254A802909481E00F1FD97 /* ft_memmove.c */; };
		32254AB02909481F00F1FD97 /* ft_lstdelone.c in Sources */ = {isa = PBXBuildFile; fileRef = 32254A812909481E00F1FD97 /* ft_lstdelone.c */; };
		32254AB12909481F00F1FD97 /* ft_putnbr_fd.c in Sources */ = {isa = PBXBuildFile; fileRef = 32254A822909481E00F1FD97 /* ft_putnbr_fd.c */; };
		32254AB22909481F00F1FD97 /* ft_bzero.c in Sources */ = {isa = PBXBuildFile; fileRef = 32254A832909481E00F1FD97 /* ft_bzero.c */; };
		32254AB32909481F00F1FD97 /* ft_putendl_fd.c in Sources */ = {isa = PBXBuildFile; fileRef = 32254A842909481E00F1FD97 /* ft_putendl_fd.c */; };
		32254AB42909481F00F1FD97 /* ft_split.c in Sources */ = {isa = PBXBuildFile; fileRef = 32254A852909481E00F1FD97 /* ft_split.c */; };
		32254AB52909481F00F1FD97 /* ft_strchr.c in Sources */ = {isa = PBXBuildFile; fileRef = 32254A862909481E00F1FD97 /* ft_strchr.c */; };
		32254AB62909481F00F1FD97 /* ft_strlcat.c in Sources */ = {isa = PBXBuildFile; fileRef = 32254A872909481E00F1FD97 /* ft_strlcat.c */; };
		32254AB72909481F00F1FD97 /* get_next_line_utils.c in Sources */ = {isa = PBXBuildFile; fileRef = 32254A882909481E00F1FD97 /* get_next_line_utils.c */; };
		32254AB82909481F00F1FD97 /* ft_memcpy.c in Sources */ = {isa = PBXBuildFile; fileRef = 32254A892909481E00F1FD97 /* ft_memcpy.c */; };
		32254AB92909481F00F1FD97 /* ft_strdup.c in Sources */ = {isa = PBXBuildFile; fileRef = 32254A8B2909481E00F1FD97 /* ft_strdup.c */; };
		32254ABA2909481F00F1FD97 /* ft_calloc.c in Sources */ = {isa = PBXBuildFile; fileRef = 32254A8C2909481E00F1FD97 /* ft_calloc.c */; };
		32254ABB2909481F00F1FD97 /* ft_putstr_fd.c in Sources */ = {isa = PBXBuildFile; fileRef = 32254A8D2909481E00F1FD97 /* ft_putstr_fd.c */; };
		32254ABC2909481F00F1FD97 /* ft_toupper.c in Sources */ = {isa = PBXBuildFile; fileRef = 32254A8E2909481E00F1FD97 /* ft_toupper.c */; };
		32254ABD2909481F00F1FD97 /* ft_strjoin.c in Sources */ = {isa = PBXBuildFile; fileRef = 32254A8F2909481E00F1FD97 /* ft_strjoin.c */; };
		32254ABE2909481F00F1FD97 /* ft_itoa.c in Sources */ = {isa = PBXBuildFile; fileRef = 32254A902909481E00F1FD97 /* ft_itoa.c */; };
		32254ABF2909481F00F1FD97 /* ft_lstiter.c in Sources */ = {isa = PBXBuildFile; fileRef = 32254A912909481E00F1FD97 /* ft_lstiter.c */; };
		32254AC02909481F00F1FD97 /* ft_memchr.c in Sources */ = {isa = PBXBuildFile; fileRef = 32254A922909481E00F1FD97 /* ft_memchr.c */; };
		32254AC12909481F00F1FD97 /* ft_isalnum.c in Sources */ = {isa = PBXBuildFile; fileRef = 32254A932909481E00F1FD97 /* ft_isalnum.c */; };
		32254AC22909481F00F1FD97 /* ft_strlcpy.c in Sources */ = {isa = PBXBuildFile; fileRef = 32254A942909481E00F1FD97 /* ft_strlcpy.c */; };
		32254AC32909481F00F1FD97 /* ft_lstadd_front.c in Sources */ = {isa = PBXBuildFile; fileRef = 32254A952909481E00F1FD97 /* ft_lstadd_front.c */; };
		32254AC42909481F00F1FD97 /* ft_isprint.c in Sources */ = {isa = PBXBuildFile; fileRef = 32254A962909481F00F1FD97 /* ft_isprint.c */; };
		32254AC52909481F00F1FD97 /* ft_memset.c in Sources */ = {isa = PBXBuildFile; fileRef = 32254A972909481F00F1FD97 /* ft_memset.c */; };
		32254AC62909481F00F1FD97 /* ft_strlen.c in Sources */ = {isa = PBXBuildFile; fileRef = 32254A982909481F00F1FD97 /* ft_strlen.c */; };
		32254AC72909481F00F1FD97 /* ft_memcmp.c in Sources */ = {isa = PBXBuildFile; fileRef = 32254A992909481F00F1FD97 /* ft_memcmp.c */; };
		32254AC82909481F00F1FD97 /* ft_strrchr.c in Sources */ = {isa = PBXBuildFile; fileRef = 32254A9A2909481F00F1FD97 /* ft_strrchr.c */; };
		32254AC92909481F00F1FD97 /* ft_isalpha.c in Sources */ = {isa = PBXBuildFile; fileRef = 32254A9B2909481F00F1FD97 /* ft_isalpha.c */; };
		32254ACA2909481F00F1FD97 /* ft_lstnew.c in Sources */ = {isa = PBXBuildFile; fileRef = 32254A9D2909481F00F1FD97 /* ft_lstnew.c */; };
		32254ACB2909481F00F1FD97 /* ft_tolower.c in Sources */ = {isa = PBXBuildFile; fileRef = 32254A9E2909481F00F1FD97 /* ft_tolower.c */; };
		32254ACC2909481F00F1FD97 /* get_next_line.c in Sources */ = {isa = PBXBuildFile; fileRef = 32254A9F2909481F00F1FD97 /* get_next_line.c */; };
		32254ACE29094AEB00F1FD97 /* check_map_borders.c in Sources */ = {isa = PBXBuildFile; fileRef = 32254ACD29094AEB00F1FD97 /* check_map_borders.c */; };
/* End PBXBuildFile section */

/* Begin PBXCopyFilesBuildPhase section */
		322549B4290819B300F1FD97 /* CopyFiles */ = {
			isa = PBXCopyFilesBuildPhase;
			buildActionMask = 2147483647;
			dstPath = /usr/share/man/man1/;
			dstSubfolderSpec = 0;
			files = (
			);
			runOnlyForDeploymentPostprocessing = 1;
		};
/* End PBXCopyFilesBuildPhase section */

/* Begin PBXFileReference section */
		322549B6290819B300F1FD97 /* cube3d_xcode */ = {isa = PBXFileReference; explicitFileType = "compiled.mach-o.executable"; includeInIndex = 0; path = cube3d_xcode; sourceTree = BUILT_PRODUCTS_DIR; };
		32254A4E2909470800F1FD97 /* colours.h */ = {isa = PBXFileReference; lastKnownFileType = sourcecode.c.h; name = colours.h; path = includes/colours.h; sourceTree = SOURCE_ROOT; };
		32254A4F2909471000F1FD97 /* error_handling.h */ = {isa = PBXFileReference; lastKnownFileType = sourcecode.c.h; name = error_handling.h; path = includes/error_handling.h; sourceTree = SOURCE_ROOT; };
		32254A502909471A00F1FD97 /* form_gamestate.h */ = {isa = PBXFileReference; lastKnownFileType = sourcecode.c.h; name = form_gamestate.h; path = cube3d_xcode/form_gamestate.h; sourceTree = SOURCE_ROOT; };
		32254A512909472100F1FD97 /* form_data_structure.h */ = {isa = PBXFileReference; lastKnownFileType = sourcecode.c.h; name = form_data_structure.h; path = includes/form_data_structure.h; sourceTree = SOURCE_ROOT; };
		32254A522909472C00F1FD97 /* gnl.h */ = {isa = PBXFileReference; lastKnownFileType = sourcecode.c.h; name = gnl.h; path = includes/gnl.h; sourceTree = SOURCE_ROOT; };
		32254A532909473200F1FD97 /* initiate_map_size.h */ = {isa = PBXFileReference; lastKnownFileType = sourcecode.c.h; name = initiate_map_size.h; path = includes/initiate_map_size.h; sourceTree = SOURCE_ROOT; };
		32254A542909473B00F1FD97 /* initiate_data.h */ = {isa = PBXFileReference; lastKnownFileType = sourcecode.c.h; name = initiate_data.h; path = includes/initiate_data.h; sourceTree = SOURCE_ROOT; };
		32254A552909474000F1FD97 /* map_tiles_utils.h */ = {isa = PBXFileReference; lastKnownFileType = sourcecode.c.h; name = map_tiles_utils.h; path = includes/map_tiles_utils.h; sourceTree = SOURCE_ROOT; };
		32254A562909475A00F1FD97 /* read_map.h */ = {isa = PBXFileReference; lastKnownFileType = sourcecode.c.h; name = read_map.h; path = includes/read_map.h; sourceTree = SOURCE_ROOT; };
		32254A582909476400F1FD97 /* textures.h */ = {isa = PBXFileReference; lastKnownFileType = sourcecode.c.h; name = textures.h; path = includes/textures.h; sourceTree = SOURCE_ROOT; };
		32254A592909479300F1FD97 /* colours.c */ = {isa = PBXFileReference; fileEncoding = 4; lastKnownFileType = sourcecode.c.c; name = colours.c; path = src/colours.c; sourceTree = SOURCE_ROOT; };
		32254A5B2909479A00F1FD97 /* error_handling.c */ = {isa = PBXFileReference; fileEncoding = 4; lastKnownFileType = sourcecode.c.c; name = error_handling.c; path = src/error_handling.c; sourceTree = SOURCE_ROOT; };
		32254A5D290947A100F1FD97 /* exam_gnl.c */ = {isa = PBXFileReference; fileEncoding = 4; lastKnownFileType = sourcecode.c.c; name = exam_gnl.c; path = src/exam_gnl.c; sourceTree = SOURCE_ROOT; };
		32254A5F290947AC00F1FD97 /* form_gamestate.c */ = {isa = PBXFileReference; fileEncoding = 4; lastKnownFileType = sourcecode.c.c; name = form_gamestate.c; path = src/form_gamestate.c; sourceTree = SOURCE_ROOT; };
		32254A61290947B200F1FD97 /* form_data_structure.c */ = {isa = PBXFileReference; fileEncoding = 4; lastKnownFileType = sourcecode.c.c; name = form_data_structure.c; path = src/form_data_structure.c; sourceTree = SOURCE_ROOT; };
		32254A63290947B900F1FD97 /* initiate_map_size.c */ = {isa = PBXFileReference; fileEncoding = 4; lastKnownFileType = sourcecode.c.c; name = initiate_map_size.c; path = src/initiate_map_size.c; sourceTree = SOURCE_ROOT; };
		32254A65290947C200F1FD97 /* initiate_data.c */ = {isa = PBXFileReference; fileEncoding = 4; lastKnownFileType = sourcecode.c.c; name = initiate_data.c; path = src/initiate_data.c; sourceTree = SOURCE_ROOT; };
		32254A67290947C900F1FD97 /* main.c */ = {isa = PBXFileReference; fileEncoding = 4; lastKnownFileType = sourcecode.c.c; name = main.c; path = src/main.c; sourceTree = SOURCE_ROOT; };
		32254A69290947D100F1FD97 /* map_tiles_utils.c */ = {isa = PBXFileReference; fileEncoding = 4; lastKnownFileType = sourcecode.c.c; name = map_tiles_utils.c; path = src/map_tiles_utils.c; sourceTree = SOURCE_ROOT; };
		32254A6B290947D800F1FD97 /* read_map.c */ = {isa = PBXFileReference; fileEncoding = 4; lastKnownFileType = sourcecode.c.c; name = read_map.c; path = src/read_map.c; sourceTree = SOURCE_ROOT; };
		32254A6F290947E200F1FD97 /* textures.c */ = {isa = PBXFileReference; fileEncoding = 4; lastKnownFileType = sourcecode.c.c; name = textures.c; path = src/textures.c; sourceTree = SOURCE_ROOT; };
		32254A712909481E00F1FD97 /* ft_isdigit.c */ = {isa = PBXFileReference; fileEncoding = 4; lastKnownFileType = sourcecode.c.c; name = ft_isdigit.c; path = libft_norme3/ft_isdigit.c; sourceTree = SOURCE_ROOT; };
		32254A722909481E00F1FD97 /* ft_strmapi.c */ = {isa = PBXFileReference; fileEncoding = 4; lastKnownFileType = sourcecode.c.c; name = ft_strmapi.c; path = libft_norme3/ft_strmapi.c; sourceTree = SOURCE_ROOT; };
		32254A732909481E00F1FD97 /* ft_isascii.c */ = {isa = PBXFileReference; fileEncoding = 4; lastKnownFileType = sourcecode.c.c; name = ft_isascii.c; path = libft_norme3/ft_isascii.c; sourceTree = SOURCE_ROOT; };
		32254A742909481E00F1FD97 /* ft_lstmap.c */ = {isa = PBXFileReference; fileEncoding = 4; lastKnownFileType = sourcecode.c.c; name = ft_lstmap.c; path = libft_norme3/ft_lstmap.c; sourceTree = SOURCE_ROOT; };
		32254A752909481E00F1FD97 /* ft_lstsize.c */ = {isa = PBXFileReference; fileEncoding = 4; lastKnownFileType = sourcecode.c.c; name = ft_lstsize.c; path = libft_norme3/ft_lstsize.c; sourceTree = SOURCE_ROOT; };
		32254A762909481E00F1FD97 /* ft_lstadd_back.c */ = {isa = PBXFileReference; fileEncoding = 4; lastKnownFileType = sourcecode.c.c; name = ft_lstadd_back.c; path = libft_norme3/ft_lstadd_back.c; sourceTree = SOURCE_ROOT; };
		32254A772909481E00F1FD97 /* ft_strncmp.c */ = {isa = PBXFileReference; fileEncoding = 4; lastKnownFileType = sourcecode.c.c; name = ft_strncmp.c; path = libft_norme3/ft_strncmp.c; sourceTree = SOURCE_ROOT; };
		32254A782909481E00F1FD97 /* ft_memccpy.c */ = {isa = PBXFileReference; fileEncoding = 4; lastKnownFileType = sourcecode.c.c; name = ft_memccpy.c; path = libft_norme3/ft_memccpy.c; sourceTree = SOURCE_ROOT; };
		32254A792909481E00F1FD97 /* ft_lstlast.c */ = {isa = PBXFileReference; fileEncoding = 4; lastKnownFileType = sourcecode.c.c; name = ft_lstlast.c; path = libft_norme3/ft_lstlast.c; sourceTree = SOURCE_ROOT; };
		32254A7A2909481E00F1FD97 /* ft_strnstr.c */ = {isa = PBXFileReference; fileEncoding = 4; lastKnownFileType = sourcecode.c.c; name = ft_strnstr.c; path = libft_norme3/ft_strnstr.c; sourceTree = SOURCE_ROOT; };
		32254A7B2909481E00F1FD97 /* ft_lstclear.c */ = {isa = PBXFileReference; fileEncoding = 4; lastKnownFileType = sourcecode.c.c; name = ft_lstclear.c; path = libft_norme3/ft_lstclear.c; sourceTree = SOURCE_ROOT; };
		32254A7C2909481E00F1FD97 /* ft_putchar_fd.c */ = {isa = PBXFileReference; fileEncoding = 4; lastKnownFileType = sourcecode.c.c; name = ft_putchar_fd.c; path = libft_norme3/ft_putchar_fd.c; sourceTree = SOURCE_ROOT; };
		32254A7D2909481E00F1FD97 /* ft_strtrim.c */ = {isa = PBXFileReference; fileEncoding = 4; lastKnownFileType = sourcecode.c.c; name = ft_strtrim.c; path = libft_norme3/ft_strtrim.c; sourceTree = SOURCE_ROOT; };
		32254A7E2909481E00F1FD97 /* ft_substr.c */ = {isa = PBXFileReference; fileEncoding = 4; lastKnownFileType = sourcecode.c.c; name = ft_substr.c; path = libft_norme3/ft_substr.c; sourceTree = SOURCE_ROOT; };
		32254A7F2909481E00F1FD97 /* ft_atoi.c */ = {isa = PBXFileReference; fileEncoding = 4; lastKnownFileType = sourcecode.c.c; name = ft_atoi.c; path = libft_norme3/ft_atoi.c; sourceTree = SOURCE_ROOT; };
		32254A802909481E00F1FD97 /* ft_memmove.c */ = {isa = PBXFileReference; fileEncoding = 4; lastKnownFileType = sourcecode.c.c; name = ft_memmove.c; path = libft_norme3/ft_memmove.c; sourceTree = SOURCE_ROOT; };
		32254A812909481E00F1FD97 /* ft_lstdelone.c */ = {isa = PBXFileReference; fileEncoding = 4; lastKnownFileType = sourcecode.c.c; name = ft_lstdelone.c; path = libft_norme3/ft_lstdelone.c; sourceTree = SOURCE_ROOT; };
		32254A822909481E00F1FD97 /* ft_putnbr_fd.c */ = {isa = PBXFileReference; fileEncoding = 4; lastKnownFileType = sourcecode.c.c; name = ft_putnbr_fd.c; path = libft_norme3/ft_putnbr_fd.c; sourceTree = SOURCE_ROOT; };
		32254A832909481E00F1FD97 /* ft_bzero.c */ = {isa = PBXFileReference; fileEncoding = 4; lastKnownFileType = sourcecode.c.c; name = ft_bzero.c; path = libft_norme3/ft_bzero.c; sourceTree = SOURCE_ROOT; };
		32254A842909481E00F1FD97 /* ft_putendl_fd.c */ = {isa = PBXFileReference; fileEncoding = 4; lastKnownFileType = sourcecode.c.c; name = ft_putendl_fd.c; path = libft_norme3/ft_putendl_fd.c; sourceTree = SOURCE_ROOT; };
		32254A852909481E00F1FD97 /* ft_split.c */ = {isa = PBXFileReference; fileEncoding = 4; lastKnownFileType = sourcecode.c.c; name = ft_split.c; path = libft_norme3/ft_split.c; sourceTree = SOURCE_ROOT; };
		32254A862909481E00F1FD97 /* ft_strchr.c */ = {isa = PBXFileReference; fileEncoding = 4; lastKnownFileType = sourcecode.c.c; name = ft_strchr.c; path = libft_norme3/ft_strchr.c; sourceTree = SOURCE_ROOT; };
		32254A872909481E00F1FD97 /* ft_strlcat.c */ = {isa = PBXFileReference; fileEncoding = 4; lastKnownFileType = sourcecode.c.c; name = ft_strlcat.c; path = libft_norme3/ft_strlcat.c; sourceTree = SOURCE_ROOT; };
		32254A882909481E00F1FD97 /* get_next_line_utils.c */ = {isa = PBXFileReference; fileEncoding = 4; lastKnownFileType = sourcecode.c.c; name = get_next_line_utils.c; path = libft_norme3/get_next_line_utils.c; sourceTree = SOURCE_ROOT; };
		32254A892909481E00F1FD97 /* ft_memcpy.c */ = {isa = PBXFileReference; fileEncoding = 4; lastKnownFileType = sourcecode.c.c; name = ft_memcpy.c; path = libft_norme3/ft_memcpy.c; sourceTree = SOURCE_ROOT; };
		32254A8A2909481E00F1FD97 /* libft.h */ = {isa = PBXFileReference; fileEncoding = 4; lastKnownFileType = sourcecode.c.h; name = libft.h; path = libft_norme3/libft.h; sourceTree = SOURCE_ROOT; };
		32254A8B2909481E00F1FD97 /* ft_strdup.c */ = {isa = PBXFileReference; fileEncoding = 4; lastKnownFileType = sourcecode.c.c; name = ft_strdup.c; path = libft_norme3/ft_strdup.c; sourceTree = SOURCE_ROOT; };
		32254A8C2909481E00F1FD97 /* ft_calloc.c */ = {isa = PBXFileReference; fileEncoding = 4; lastKnownFileType = sourcecode.c.c; name = ft_calloc.c; path = libft_norme3/ft_calloc.c; sourceTree = SOURCE_ROOT; };
		32254A8D2909481E00F1FD97 /* ft_putstr_fd.c */ = {isa = PBXFileReference; fileEncoding = 4; lastKnownFileType = sourcecode.c.c; name = ft_putstr_fd.c; path = libft_norme3/ft_putstr_fd.c; sourceTree = SOURCE_ROOT; };
		32254A8E2909481E00F1FD97 /* ft_toupper.c */ = {isa = PBXFileReference; fileEncoding = 4; lastKnownFileType = sourcecode.c.c; name = ft_toupper.c; path = libft_norme3/ft_toupper.c; sourceTree = SOURCE_ROOT; };
		32254A8F2909481E00F1FD97 /* ft_strjoin.c */ = {isa = PBXFileReference; fileEncoding = 4; lastKnownFileType = sourcecode.c.c; name = ft_strjoin.c; path = libft_norme3/ft_strjoin.c; sourceTree = SOURCE_ROOT; };
		32254A902909481E00F1FD97 /* ft_itoa.c */ = {isa = PBXFileReference; fileEncoding = 4; lastKnownFileType = sourcecode.c.c; name = ft_itoa.c; path = libft_norme3/ft_itoa.c; sourceTree = SOURCE_ROOT; };
		32254A912909481E00F1FD97 /* ft_lstiter.c */ = {isa = PBXFileReference; fileEncoding = 4; lastKnownFileType = sourcecode.c.c; name = ft_lstiter.c; path = libft_norme3/ft_lstiter.c; sourceTree = SOURCE_ROOT; };
		32254A922909481E00F1FD97 /* ft_memchr.c */ = {isa = PBXFileReference; fileEncoding = 4; lastKnownFileType = sourcecode.c.c; name = ft_memchr.c; path = libft_norme3/ft_memchr.c; sourceTree = SOURCE_ROOT; };
		32254A932909481E00F1FD97 /* ft_isalnum.c */ = {isa = PBXFileReference; fileEncoding = 4; lastKnownFileType = sourcecode.c.c; name = ft_isalnum.c; path = libft_norme3/ft_isalnum.c; sourceTree = SOURCE_ROOT; };
		32254A942909481E00F1FD97 /* ft_strlcpy.c */ = {isa = PBXFileReference; fileEncoding = 4; lastKnownFileType = sourcecode.c.c; name = ft_strlcpy.c; path = libft_norme3/ft_strlcpy.c; sourceTree = SOURCE_ROOT; };
		32254A952909481E00F1FD97 /* ft_lstadd_front.c */ = {isa = PBXFileReference; fileEncoding = 4; lastKnownFileType = sourcecode.c.c; name = ft_lstadd_front.c; path = libft_norme3/ft_lstadd_front.c; sourceTree = SOURCE_ROOT; };
		32254A962909481F00F1FD97 /* ft_isprint.c */ = {isa = PBXFileReference; fileEncoding = 4; lastKnownFileType = sourcecode.c.c; name = ft_isprint.c; path = libft_norme3/ft_isprint.c; sourceTree = SOURCE_ROOT; };
		32254A972909481F00F1FD97 /* ft_memset.c */ = {isa = PBXFileReference; fileEncoding = 4; lastKnownFileType = sourcecode.c.c; name = ft_memset.c; path = libft_norme3/ft_memset.c; sourceTree = SOURCE_ROOT; };
		32254A982909481F00F1FD97 /* ft_strlen.c */ = {isa = PBXFileReference; fileEncoding = 4; lastKnownFileType = sourcecode.c.c; name = ft_strlen.c; path = libft_norme3/ft_strlen.c; sourceTree = SOURCE_ROOT; };
		32254A992909481F00F1FD97 /* ft_memcmp.c */ = {isa = PBXFileReference; fileEncoding = 4; lastKnownFileType = sourcecode.c.c; name = ft_memcmp.c; path = libft_norme3/ft_memcmp.c; sourceTree = SOURCE_ROOT; };
		32254A9A2909481F00F1FD97 /* ft_strrchr.c */ = {isa = PBXFileReference; fileEncoding = 4; lastKnownFileType = sourcecode.c.c; name = ft_strrchr.c; path = libft_norme3/ft_strrchr.c; sourceTree = SOURCE_ROOT; };
		32254A9B2909481F00F1FD97 /* ft_isalpha.c */ = {isa = PBXFileReference; fileEncoding = 4; lastKnownFileType = sourcecode.c.c; name = ft_isalpha.c; path = libft_norme3/ft_isalpha.c; sourceTree = SOURCE_ROOT; };
		32254A9C2909481F00F1FD97 /* get_next_line.h */ = {isa = PBXFileReference; fileEncoding = 4; lastKnownFileType = sourcecode.c.h; name = get_next_line.h; path = libft_norme3/get_next_line.h; sourceTree = SOURCE_ROOT; };
		32254A9D2909481F00F1FD97 /* ft_lstnew.c */ = {isa = PBXFileReference; fileEncoding = 4; lastKnownFileType = sourcecode.c.c; name = ft_lstnew.c; path = libft_norme3/ft_lstnew.c; sourceTree = SOURCE_ROOT; };
		32254A9E2909481F00F1FD97 /* ft_tolower.c */ = {isa = PBXFileReference; fileEncoding = 4; lastKnownFileType = sourcecode.c.c; name = ft_tolower.c; path = libft_norme3/ft_tolower.c; sourceTree = SOURCE_ROOT; };
		32254A9F2909481F00F1FD97 /* get_next_line.c */ = {isa = PBXFileReference; fileEncoding = 4; lastKnownFileType = sourcecode.c.c; name = get_next_line.c; path = libft_norme3/get_next_line.c; sourceTree = SOURCE_ROOT; };
		32254ACD29094AEB00F1FD97 /* check_map_borders.c */ = {isa = PBXFileReference; fileEncoding = 4; lastKnownFileType = sourcecode.c.c; name = check_map_borders.c; path = cube3d_xcode/check_map_borders.c; sourceTree = SOURCE_ROOT; };
		32254ACF29094AF700F1FD97 /* check_map_borders.h */ = {isa = PBXFileReference; lastKnownFileType = sourcecode.c.h; name = check_map_borders.h; path = cube3d_xcode/check_map_borders.h; sourceTree = SOURCE_ROOT; };
		32254AD029095FF800F1FD97 /* map_basic.cub */ = {isa = PBXFileReference; lastKnownFileType = text; name = map_basic.cub; path = maps_variations/map_basic.cub; sourceTree = "<group>"; };
/* End PBXFileReference section */

/* Begin PBXFrameworksBuildPhase section */
		322549B3290819B300F1FD97 /* Frameworks */ = {
			isa = PBXFrameworksBuildPhase;
			buildActionMask = 2147483647;
			files = (
			);
			runOnlyForDeploymentPostprocessing = 0;
		};
/* End PBXFrameworksBuildPhase section */

/* Begin PBXGroup section */
		322549AD290819B300F1FD97 = {
			isa = PBXGroup;
			children = (
				32254AD029095FF800F1FD97 /* map_basic.cub */,
				322549B8290819B300F1FD97 /* cube3d_xcode */,
				322549B7290819B300F1FD97 /* Products */,
			);
			sourceTree = "<group>";
		};
		322549B7290819B300F1FD97 /* Products */ = {
			isa = PBXGroup;
			children = (
				322549B6290819B300F1FD97 /* cube3d_xcode */,
			);
			name = Products;
			sourceTree = "<group>";
		};
		322549B8290819B300F1FD97 /* cube3d_xcode */ = {
			isa = PBXGroup;
			children = (
				322549C229081A2000F1FD97 /* utils */,
				322549C429081A2E00F1FD97 /* get_data_from_input */,
				322549C329081A2600F1FD97 /* map */,
				32254A502909471A00F1FD97 /* form_gamestate.h */,
				32254A5F290947AC00F1FD97 /* form_gamestate.c */,
				32254A67290947C900F1FD97 /* main.c */,
				32254ACF29094AF700F1FD97 /* check_map_borders.h */,
				32254ACD29094AEB00F1FD97 /* check_map_borders.c */,
			);
			path = cube3d_xcode;
			sourceTree = "<group>";
		};
		322549C229081A2000F1FD97 /* utils */ = {
			isa = PBXGroup;
			children = (
				32254A522909472C00F1FD97 /* gnl.h */,
				32254A5D290947A100F1FD97 /* exam_gnl.c */,
				32254A4F2909471000F1FD97 /* error_handling.h */,
				32254A5B2909479A00F1FD97 /* error_handling.c */,
				322549C529081A6300F1FD97 /* libft */,
			);
			name = utils;
			sourceTree = "<group>";
		};
		322549C329081A2600F1FD97 /* map */ = {
			isa = PBXGroup;
			children = (
				32254A552909474000F1FD97 /* map_tiles_utils.h */,
				32254A69290947D100F1FD97 /* map_tiles_utils.c */,
				32254A532909473200F1FD97 /* initiate_map_size.h */,
				32254A63290947B900F1FD97 /* initiate_map_size.c */,
				32254A562909475A00F1FD97 /* read_map.h */,
				32254A6B290947D800F1FD97 /* read_map.c */,
			);
			name = map;
			sourceTree = "<group>";
		};
		322549C429081A2E00F1FD97 /* get_data_from_input */ = {
			isa = PBXGroup;
			children = (
				32254A542909473B00F1FD97 /* initiate_data.h */,
				32254A65290947C200F1FD97 /* initiate_data.c */,
				32254A582909476400F1FD97 /* textures.h */,
				32254A6F290947E200F1FD97 /* textures.c */,
				32254A4E2909470800F1FD97 /* colours.h */,
				32254A592909479300F1FD97 /* colours.c */,
				32254A512909472100F1FD97 /* form_data_structure.h */,
				32254A61290947B200F1FD97 /* form_data_structure.c */,
			);
			name = get_data_from_input;
			sourceTree = "<group>";
		};
		322549C529081A6300F1FD97 /* libft */ = {
			isa = PBXGroup;
			children = (
				32254A7F2909481E00F1FD97 /* ft_atoi.c */,
				32254A832909481E00F1FD97 /* ft_bzero.c */,
				32254A8C2909481E00F1FD97 /* ft_calloc.c */,
				32254A932909481E00F1FD97 /* ft_isalnum.c */,
				32254A9B2909481F00F1FD97 /* ft_isalpha.c */,
				32254A732909481E00F1FD97 /* ft_isascii.c */,
				32254A712909481E00F1FD97 /* ft_isdigit.c */,
				32254A962909481F00F1FD97 /* ft_isprint.c */,
				32254A902909481E00F1FD97 /* ft_itoa.c */,
				32254A762909481E00F1FD97 /* ft_lstadd_back.c */,
				32254A952909481E00F1FD97 /* ft_lstadd_front.c */,
				32254A7B2909481E00F1FD97 /* ft_lstclear.c */,
				32254A812909481E00F1FD97 /* ft_lstdelone.c */,
				32254A912909481E00F1FD97 /* ft_lstiter.c */,
				32254A792909481E00F1FD97 /* ft_lstlast.c */,
				32254A742909481E00F1FD97 /* ft_lstmap.c */,
				32254A9D2909481F00F1FD97 /* ft_lstnew.c */,
				32254A752909481E00F1FD97 /* ft_lstsize.c */,
				32254A782909481E00F1FD97 /* ft_memccpy.c */,
				32254A922909481E00F1FD97 /* ft_memchr.c */,
				32254A992909481F00F1FD97 /* ft_memcmp.c */,
				32254A892909481E00F1FD97 /* ft_memcpy.c */,
				32254A802909481E00F1FD97 /* ft_memmove.c */,
				32254A972909481F00F1FD97 /* ft_memset.c */,
				32254A7C2909481E00F1FD97 /* ft_putchar_fd.c */,
				32254A842909481E00F1FD97 /* ft_putendl_fd.c */,
				32254A822909481E00F1FD97 /* ft_putnbr_fd.c */,
				32254A8D2909481E00F1FD97 /* ft_putstr_fd.c */,
				32254A852909481E00F1FD97 /* ft_split.c */,
				32254A862909481E00F1FD97 /* ft_strchr.c */,
				32254A8B2909481E00F1FD97 /* ft_strdup.c */,
				32254A8F2909481E00F1FD97 /* ft_strjoin.c */,
				32254A872909481E00F1FD97 /* ft_strlcat.c */,
				32254A942909481E00F1FD97 /* ft_strlcpy.c */,
				32254A982909481F00F1FD97 /* ft_strlen.c */,
				32254A722909481E00F1FD97 /* ft_strmapi.c */,
				32254A772909481E00F1FD97 /* ft_strncmp.c */,
				32254A7A2909481E00F1FD97 /* ft_strnstr.c */,
				32254A9A2909481F00F1FD97 /* ft_strrchr.c */,
				32254A7D2909481E00F1FD97 /* ft_strtrim.c */,
				32254A7E2909481E00F1FD97 /* ft_substr.c */,
				32254A9E2909481F00F1FD97 /* ft_tolower.c */,
				32254A8E2909481E00F1FD97 /* ft_toupper.c */,
				32254A882909481E00F1FD97 /* get_next_line_utils.c */,
				32254A9F2909481F00F1FD97 /* get_next_line.c */,
				32254A9C2909481F00F1FD97 /* get_next_line.h */,
				32254A8A2909481E00F1FD97 /* libft.h */,
			);
			name = libft;
			sourceTree = "<group>";
		};
/* End PBXGroup section */

/* Begin PBXNativeTarget section */
		322549B5290819B300F1FD97 /* cube3d_xcode */ = {
			isa = PBXNativeTarget;
			buildConfigurationList = 322549BD290819B300F1FD97 /* Build configuration list for PBXNativeTarget "cube3d_xcode" */;
			buildPhases = (
				322549B2290819B300F1FD97 /* Sources */,
				322549B3290819B300F1FD97 /* Frameworks */,
				322549B4290819B300F1FD97 /* CopyFiles */,
			);
			buildRules = (
			);
			dependencies = (
			);
			name = cube3d_xcode;
			productName = cube3d_xcode;
			productReference = 322549B6290819B300F1FD97 /* cube3d_xcode */;
			productType = "com.apple.product-type.tool";
		};
/* End PBXNativeTarget section */

/* Begin PBXProject section */
		322549AE290819B300F1FD97 /* Project object */ = {
			isa = PBXProject;
			attributes = {
				BuildIndependentTargetsInParallel = 1;
				LastUpgradeCheck = 1400;
				TargetAttributes = {
					322549B5290819B300F1FD97 = {
						CreatedOnToolsVersion = 14.0.1;
					};
				};
			};
			buildConfigurationList = 322549B1290819B300F1FD97 /* Build configuration list for PBXProject "cube3d_xcode" */;
			compatibilityVersion = "Xcode 14.0";
			developmentRegion = en;
			hasScannedForEncodings = 0;
			knownRegions = (
				en,
				Base,
			);
			mainGroup = 322549AD290819B300F1FD97;
			productRefGroup = 322549B7290819B300F1FD97 /* Products */;
			projectDirPath = "";
			projectRoot = "";
			targets = (
				322549B5290819B300F1FD97 /* cube3d_xcode */,
			);
		};
/* End PBXProject section */

/* Begin PBXSourcesBuildPhase section */
		322549B2290819B300F1FD97 /* Sources */ = {
			isa = PBXSourcesBuildPhase;
			buildActionMask = 2147483647;
			files = (
				32254ABE2909481F00F1FD97 /* ft_itoa.c in Sources */,
				32254AB12909481F00F1FD97 /* ft_putnbr_fd.c in Sources */,
				32254AB92909481F00F1FD97 /* ft_strdup.c in Sources */,
				32254AC12909481F00F1FD97 /* ft_isalnum.c in Sources */,
				32254AAF2909481F00F1FD97 /* ft_memmove.c in Sources */,
				32254AB02909481F00F1FD97 /* ft_lstdelone.c in Sources */,
				32254ABF2909481F00F1FD97 /* ft_lstiter.c in Sources */,
				32254ACA2909481F00F1FD97 /* ft_lstnew.c in Sources */,
				32254AC42909481F00F1FD97 /* ft_isprint.c in Sources */,
				32254AAB2909481F00F1FD97 /* ft_putchar_fd.c in Sources */,
				32254AB82909481F00F1FD97 /* ft_memcpy.c in Sources */,
				32254A5C2909479A00F1FD97 /* error_handling.c in Sources */,
				32254A66290947C200F1FD97 /* initiate_data.c in Sources */,
				32254A5A2909479300F1FD97 /* colours.c in Sources */,
				32254AA72909481F00F1FD97 /* ft_memccpy.c in Sources */,
				32254AA42909481F00F1FD97 /* ft_lstsize.c in Sources */,
				32254AA82909481F00F1FD97 /* ft_lstlast.c in Sources */,
				32254ACB2909481F00F1FD97 /* ft_tolower.c in Sources */,
				32254AA22909481F00F1FD97 /* ft_isascii.c in Sources */,
				32254A64290947B900F1FD97 /* initiate_map_size.c in Sources */,
				32254AA32909481F00F1FD97 /* ft_lstmap.c in Sources */,
				32254AB62909481F00F1FD97 /* ft_strlcat.c in Sources */,
				32254AAA2909481F00F1FD97 /* ft_lstclear.c in Sources */,
				32254A68290947C900F1FD97 /* main.c in Sources */,
				32254ABD2909481F00F1FD97 /* ft_strjoin.c in Sources */,
				32254AC52909481F00F1FD97 /* ft_memset.c in Sources */,
				32254A70290947E200F1FD97 /* textures.c in Sources */,
				32254AAD2909481F00F1FD97 /* ft_substr.c in Sources */,
				32254ACE29094AEB00F1FD97 /* check_map_borders.c in Sources */,
				32254AA02909481F00F1FD97 /* ft_isdigit.c in Sources */,
				32254A6A290947D100F1FD97 /* map_tiles_utils.c in Sources */,
				32254AA52909481F00F1FD97 /* ft_lstadd_back.c in Sources */,
				32254ABA2909481F00F1FD97 /* ft_calloc.c in Sources */,
				32254AA62909481F00F1FD97 /* ft_strncmp.c in Sources */,
				32254AB72909481F00F1FD97 /* get_next_line_utils.c in Sources */,
				32254A60290947AC00F1FD97 /* form_gamestate.c in Sources */,
				32254AC62909481F00F1FD97 /* ft_strlen.c in Sources */,
				32254AA12909481F00F1FD97 /* ft_strmapi.c in Sources */,
				32254AC22909481F00F1FD97 /* ft_strlcpy.c in Sources */,
				32254AA92909481F00F1FD97 /* ft_strnstr.c in Sources */,
				32254AC82909481F00F1FD97 /* ft_strrchr.c in Sources */,
				32254AAC2909481F00F1FD97 /* ft_strtrim.c in Sources */,
				32254AB42909481F00F1FD97 /* ft_split.c in Sources */,
				32254AC72909481F00F1FD97 /* ft_memcmp.c in Sources */,
				32254AAE2909481F00F1FD97 /* ft_atoi.c in Sources */,
				32254AB22909481F00F1FD97 /* ft_bzero.c in Sources */,
				32254A62290947B200F1FD97 /* form_data_structure.c in Sources */,
				32254ACC2909481F00F1FD97 /* get_next_line.c in Sources */,
				32254ABB2909481F00F1FD97 /* ft_putstr_fd.c in Sources */,
				32254A5E290947A100F1FD97 /* exam_gnl.c in Sources */,
				32254AB32909481F00F1FD97 /* ft_putendl_fd.c in Sources */,
				32254A6C290947D800F1FD97 /* read_map.c in Sources */,
				32254AB52909481F00F1FD97 /* ft_strchr.c in Sources */,
				32254AC92909481F00F1FD97 /* ft_isalpha.c in Sources */,
				32254ABC2909481F00F1FD97 /* ft_toupper.c in Sources */,
				32254AC02909481F00F1FD97 /* ft_memchr.c in Sources */,
				32254AC32909481F00F1FD97 /* ft_lstadd_front.c in Sources */,
			);
			runOnlyForDeploymentPostprocessing = 0;
		};
/* End PBXSourcesBuildPhase section */

/* Begin XCBuildConfiguration section */
		322549BB290819B300F1FD97 /* Debug */ = {
			isa = XCBuildConfiguration;
			buildSettings = {
				ALWAYS_SEARCH_USER_PATHS = NO;
				CLANG_ANALYZER_NONNULL = YES;
				CLANG_ANALYZER_NUMBER_OBJECT_CONVERSION = YES_AGGRESSIVE;
				CLANG_CXX_LANGUAGE_STANDARD = "gnu++20";
				CLANG_ENABLE_MODULES = YES;
				CLANG_ENABLE_OBJC_ARC = YES;
				CLANG_ENABLE_OBJC_WEAK = YES;
				CLANG_WARN_BLOCK_CAPTURE_AUTORELEASING = YES;
				CLANG_WARN_BOOL_CONVERSION = YES;
				CLANG_WARN_COMMA = YES;
				CLANG_WARN_CONSTANT_CONVERSION = YES;
				CLANG_WARN_DEPRECATED_OBJC_IMPLEMENTATIONS = YES;
				CLANG_WARN_DIRECT_OBJC_ISA_USAGE = YES_ERROR;
				CLANG_WARN_DOCUMENTATION_COMMENTS = YES;
				CLANG_WARN_EMPTY_BODY = YES;
				CLANG_WARN_ENUM_CONVERSION = YES;
				CLANG_WARN_INFINITE_RECURSION = YES;
				CLANG_WARN_INT_CONVERSION = YES;
				CLANG_WARN_NON_LITERAL_NULL_CONVERSION = YES;
				CLANG_WARN_OBJC_IMPLICIT_RETAIN_SELF = YES;
				CLANG_WARN_OBJC_LITERAL_CONVERSION = YES;
				CLANG_WARN_OBJC_ROOT_CLASS = YES_ERROR;
				CLANG_WARN_QUOTED_INCLUDE_IN_FRAMEWORK_HEADER = YES;
				CLANG_WARN_RANGE_LOOP_ANALYSIS = YES;
				CLANG_WARN_STRICT_PROTOTYPES = YES;
				CLANG_WARN_SUSPICIOUS_MOVE = YES;
				CLANG_WARN_UNGUARDED_AVAILABILITY = YES_AGGRESSIVE;
				CLANG_WARN_UNREACHABLE_CODE = YES;
				CLANG_WARN__DUPLICATE_METHOD_MATCH = YES;
				COPY_PHASE_STRIP = NO;
				DEBUG_INFORMATION_FORMAT = dwarf;
				ENABLE_STRICT_OBJC_MSGSEND = YES;
				ENABLE_TESTABILITY = YES;
				GCC_C_LANGUAGE_STANDARD = gnu11;
				GCC_DYNAMIC_NO_PIC = NO;
				GCC_NO_COMMON_BLOCKS = YES;
				GCC_OPTIMIZATION_LEVEL = 0;
				GCC_PREPROCESSOR_DEFINITIONS = (
					"DEBUG=1",
					"$(inherited)",
				);
				GCC_WARN_64_TO_32_BIT_CONVERSION = YES;
				GCC_WARN_ABOUT_RETURN_TYPE = YES_ERROR;
				GCC_WARN_UNDECLARED_SELECTOR = YES;
				GCC_WARN_UNINITIALIZED_AUTOS = YES_AGGRESSIVE;
				GCC_WARN_UNUSED_FUNCTION = YES;
				GCC_WARN_UNUSED_VARIABLE = YES;
				MACOSX_DEPLOYMENT_TARGET = 12.3;
				MTL_ENABLE_DEBUG_INFO = INCLUDE_SOURCE;
				MTL_FAST_MATH = YES;
				ONLY_ACTIVE_ARCH = YES;
				SDKROOT = macosx;
			};
			name = Debug;
		};
		322549BC290819B300F1FD97 /* Release */ = {
			isa = XCBuildConfiguration;
			buildSettings = {
				ALWAYS_SEARCH_USER_PATHS = NO;
				CLANG_ANALYZER_NONNULL = YES;
				CLANG_ANALYZER_NUMBER_OBJECT_CONVERSION = YES_AGGRESSIVE;
				CLANG_CXX_LANGUAGE_STANDARD = "gnu++20";
				CLANG_ENABLE_MODULES = YES;
				CLANG_ENABLE_OBJC_ARC = YES;
				CLANG_ENABLE_OBJC_WEAK = YES;
				CLANG_WARN_BLOCK_CAPTURE_AUTORELEASING = YES;
				CLANG_WARN_BOOL_CONVERSION = YES;
				CLANG_WARN_COMMA = YES;
				CLANG_WARN_CONSTANT_CONVERSION = YES;
				CLANG_WARN_DEPRECATED_OBJC_IMPLEMENTATIONS = YES;
				CLANG_WARN_DIRECT_OBJC_ISA_USAGE = YES_ERROR;
				CLANG_WARN_DOCUMENTATION_COMMENTS = YES;
				CLANG_WARN_EMPTY_BODY = YES;
				CLANG_WARN_ENUM_CONVERSION = YES;
				CLANG_WARN_INFINITE_RECURSION = YES;
				CLANG_WARN_INT_CONVERSION = YES;
				CLANG_WARN_NON_LITERAL_NULL_CONVERSION = YES;
				CLANG_WARN_OBJC_IMPLICIT_RETAIN_SELF = YES;
				CLANG_WARN_OBJC_LITERAL_CONVERSION = YES;
				CLANG_WARN_OBJC_ROOT_CLASS = YES_ERROR;
				CLANG_WARN_QUOTED_INCLUDE_IN_FRAMEWORK_HEADER = YES;
				CLANG_WARN_RANGE_LOOP_ANALYSIS = YES;
				CLANG_WARN_STRICT_PROTOTYPES = YES;
				CLANG_WARN_SUSPICIOUS_MOVE = YES;
				CLANG_WARN_UNGUARDED_AVAILABILITY = YES_AGGRESSIVE;
				CLANG_WARN_UNREACHABLE_CODE = YES;
				CLANG_WARN__DUPLICATE_METHOD_MATCH = YES;
				COPY_PHASE_STRIP = NO;
				DEBUG_INFORMATION_FORMAT = "dwarf-with-dsym";
				ENABLE_NS_ASSERTIONS = NO;
				ENABLE_STRICT_OBJC_MSGSEND = YES;
				GCC_C_LANGUAGE_STANDARD = gnu11;
				GCC_NO_COMMON_BLOCKS = YES;
				GCC_WARN_64_TO_32_BIT_CONVERSION = YES;
				GCC_WARN_ABOUT_RETURN_TYPE = YES_ERROR;
				GCC_WARN_UNDECLARED_SELECTOR = YES;
				GCC_WARN_UNINITIALIZED_AUTOS = YES_AGGRESSIVE;
				GCC_WARN_UNUSED_FUNCTION = YES;
				GCC_WARN_UNUSED_VARIABLE = YES;
				MACOSX_DEPLOYMENT_TARGET = 12.3;
				MTL_ENABLE_DEBUG_INFO = NO;
				MTL_FAST_MATH = YES;
				SDKROOT = macosx;
			};
			name = Release;
		};
		322549BE290819B300F1FD97 /* Debug */ = {
			isa = XCBuildConfiguration;
			buildSettings = {
				CODE_SIGN_STYLE = Automatic;
				PRODUCT_NAME = "$(TARGET_NAME)";
			};
			name = Debug;
		};
		322549BF290819B300F1FD97 /* Release */ = {
			isa = XCBuildConfiguration;
			buildSettings = {
				CODE_SIGN_STYLE = Automatic;
				PRODUCT_NAME = "$(TARGET_NAME)";
			};
			name = Release;
		};
/* End XCBuildConfiguration section */

/* Begin XCConfigurationList section */
		322549B1290819B300F1FD97 /* Build configuration list for PBXProject "cube3d_xcode" */ = {
			isa = XCConfigurationList;
			buildConfigurations = (
				322549BB290819B300F1FD97 /* Debug */,
				322549BC290819B300F1FD97 /* Release */,
			);
			defaultConfigurationIsVisible = 0;
			defaultConfigurationName = Release;
		};
		322549BD290819B300F1FD97 /* Build configuration list for PBXNativeTarget "cube3d_xcode" */ = {
			isa = XCConfigurationList;
			buildConfigurations = (
				322549BE290819B300F1FD97 /* Debug */,
				322549BF290819B300F1FD97 /* Release */,
			);
			defaultConfigurationIsVisible = 0;
			defaultConfigurationName = Release;
		};
/* End XCConfigurationList section */
	};
	rootObject = 322549AE290819B300F1FD97 /* Project object */;
}
