// !$*UTF8*$!
{
	archiveVersion = 1;
	classes = {
	};
	objectVersion = 50;
	objects = {

/* Begin PBXFileReference section */
		0DBA551425FA462C0005EC6A /* font.c */ = {isa = PBXFileReference; lastKnownFileType = sourcecode.c.c; path = font.c; sourceTree = "<group>"; };
		0DBA551525FA462C0005EC6A /* interface.o */ = {isa = PBXFileReference; lastKnownFileType = "compiled.mach-o.objfile"; path = interface.o; sourceTree = "<group>"; };
		0DBA551625FA462C0005EC6A /* interface.swift */ = {isa = PBXFileReference; lastKnownFileType = sourcecode.swift; path = interface.swift; sourceTree = "<group>"; };
		0DBA551725FA462C0005EC6A /* libmlx.dylib */ = {isa = PBXFileReference; lastKnownFileType = "compiled.mach-o.dylib"; path = libmlx.dylib; sourceTree = "<group>"; };
		0DBA551825FA462C0005EC6A /* Makefile */ = {isa = PBXFileReference; lastKnownFileType = sourcecode.make; path = Makefile; sourceTree = "<group>"; };
		0DBA551925FA462C0005EC6A /* man */ = {isa = PBXFileReference; lastKnownFileType = folder; path = man; sourceTree = "<group>"; };
		0DBA551A25FA462C0005EC6A /* mlx.h */ = {isa = PBXFileReference; lastKnownFileType = sourcecode.c.h; path = mlx.h; sourceTree = "<group>"; };
		0DBA551B25FA462C0005EC6A /* mlx_image.o */ = {isa = PBXFileReference; lastKnownFileType = "compiled.mach-o.objfile"; path = mlx_image.o; sourceTree = "<group>"; };
		0DBA551C25FA462C0005EC6A /* mlx_image.swift */ = {isa = PBXFileReference; lastKnownFileType = sourcecode.swift; path = mlx_image.swift; sourceTree = "<group>"; };
		0DBA551D25FA462C0005EC6A /* mlx_image.swiftdoc */ = {isa = PBXFileReference; lastKnownFileType = file; path = mlx_image.swiftdoc; sourceTree = "<group>"; };
		0DBA551E25FA462C0005EC6A /* mlx_image.swiftmodule */ = {isa = PBXFileReference; lastKnownFileType = file; path = mlx_image.swiftmodule; sourceTree = "<group>"; };
		0DBA551F25FA462C0005EC6A /* mlx_image.swiftsourceinfo */ = {isa = PBXFileReference; lastKnownFileType = file; path = mlx_image.swiftsourceinfo; sourceTree = "<group>"; };
		0DBA552025FA462C0005EC6A /* mlx_init.o */ = {isa = PBXFileReference; lastKnownFileType = "compiled.mach-o.objfile"; path = mlx_init.o; sourceTree = "<group>"; };
		0DBA552125FA462C0005EC6A /* mlx_init.swift */ = {isa = PBXFileReference; lastKnownFileType = sourcecode.swift; path = mlx_init.swift; sourceTree = "<group>"; };
		0DBA552225FA462C0005EC6A /* mlx_init.swiftdoc */ = {isa = PBXFileReference; lastKnownFileType = file; path = mlx_init.swiftdoc; sourceTree = "<group>"; };
		0DBA552325FA462C0005EC6A /* mlx_init.swiftmodule */ = {isa = PBXFileReference; lastKnownFileType = file; path = mlx_init.swiftmodule; sourceTree = "<group>"; };
		0DBA552425FA462C0005EC6A /* mlx_init.swiftsourceinfo */ = {isa = PBXFileReference; lastKnownFileType = file; path = mlx_init.swiftsourceinfo; sourceTree = "<group>"; };
		0DBA552525FA462C0005EC6A /* mlx_png.c */ = {isa = PBXFileReference; lastKnownFileType = sourcecode.c.c; path = mlx_png.c; sourceTree = "<group>"; };
		0DBA552625FA462C0005EC6A /* mlx_png.o */ = {isa = PBXFileReference; lastKnownFileType = "compiled.mach-o.objfile"; path = mlx_png.o; sourceTree = "<group>"; };
		0DBA552725FA462C0005EC6A /* mlx_rgb.c */ = {isa = PBXFileReference; lastKnownFileType = sourcecode.c.c; path = mlx_rgb.c; sourceTree = "<group>"; };
		0DBA552825FA462C0005EC6A /* mlx_string_put.c */ = {isa = PBXFileReference; lastKnownFileType = sourcecode.c.c; path = mlx_string_put.c; sourceTree = "<group>"; };
		0DBA552925FA462C0005EC6A /* mlx_string_put.o */ = {isa = PBXFileReference; lastKnownFileType = "compiled.mach-o.objfile"; path = mlx_string_put.o; sourceTree = "<group>"; };
		0DBA552A25FA462C0005EC6A /* mlx_window.o */ = {isa = PBXFileReference; lastKnownFileType = "compiled.mach-o.objfile"; path = mlx_window.o; sourceTree = "<group>"; };
		0DBA552B25FA462C0005EC6A /* mlx_window.swift */ = {isa = PBXFileReference; lastKnownFileType = sourcecode.swift; path = mlx_window.swift; sourceTree = "<group>"; };
		0DBA552C25FA462C0005EC6A /* mlx_window.swiftdoc */ = {isa = PBXFileReference; lastKnownFileType = file; path = mlx_window.swiftdoc; sourceTree = "<group>"; };
		0DBA552D25FA462C0005EC6A /* mlx_window.swiftmodule */ = {isa = PBXFileReference; lastKnownFileType = file; path = mlx_window.swiftmodule; sourceTree = "<group>"; };
		0DBA552E25FA462C0005EC6A /* mlx_window.swiftsourceinfo */ = {isa = PBXFileReference; lastKnownFileType = file; path = mlx_window.swiftsourceinfo; sourceTree = "<group>"; };
		0DBA552F25FA462C0005EC6A /* mlx_xpm.c */ = {isa = PBXFileReference; lastKnownFileType = sourcecode.c.c; path = mlx_xpm.c; sourceTree = "<group>"; };
		0DBA553025FA462C0005EC6A /* mlx_xpm.o */ = {isa = PBXFileReference; lastKnownFileType = "compiled.mach-o.objfile"; path = mlx_xpm.o; sourceTree = "<group>"; };
		0DBA553125FA462C0005EC6A /* TEST.txt */ = {isa = PBXFileReference; lastKnownFileType = text; path = TEST.txt; sourceTree = "<group>"; };
/* End PBXFileReference section */

/* Begin PBXGroup section */
		0DBA550E25FA462C0005EC6A = {
			isa = PBXGroup;
			children = (
				0DBA551425FA462C0005EC6A /* font.c */,
				0DBA551525FA462C0005EC6A /* interface.o */,
				0DBA551625FA462C0005EC6A /* interface.swift */,
				0DBA551725FA462C0005EC6A /* libmlx.dylib */,
				0DBA551825FA462C0005EC6A /* Makefile */,
				0DBA551925FA462C0005EC6A /* man */,
				0DBA551A25FA462C0005EC6A /* mlx.h */,
				0DBA551B25FA462C0005EC6A /* mlx_image.o */,
				0DBA551C25FA462C0005EC6A /* mlx_image.swift */,
				0DBA551D25FA462C0005EC6A /* mlx_image.swiftdoc */,
				0DBA551E25FA462C0005EC6A /* mlx_image.swiftmodule */,
				0DBA551F25FA462C0005EC6A /* mlx_image.swiftsourceinfo */,
				0DBA552025FA462C0005EC6A /* mlx_init.o */,
				0DBA552125FA462C0005EC6A /* mlx_init.swift */,
				0DBA552225FA462C0005EC6A /* mlx_init.swiftdoc */,
				0DBA552325FA462C0005EC6A /* mlx_init.swiftmodule */,
				0DBA552425FA462C0005EC6A /* mlx_init.swiftsourceinfo */,
				0DBA552525FA462C0005EC6A /* mlx_png.c */,
				0DBA552625FA462C0005EC6A /* mlx_png.o */,
				0DBA552725FA462C0005EC6A /* mlx_rgb.c */,
				0DBA552825FA462C0005EC6A /* mlx_string_put.c */,
				0DBA552925FA462C0005EC6A /* mlx_string_put.o */,
				0DBA552A25FA462C0005EC6A /* mlx_window.o */,
				0DBA552B25FA462C0005EC6A /* mlx_window.swift */,
				0DBA552C25FA462C0005EC6A /* mlx_window.swiftdoc */,
				0DBA552D25FA462C0005EC6A /* mlx_window.swiftmodule */,
				0DBA552E25FA462C0005EC6A /* mlx_window.swiftsourceinfo */,
				0DBA552F25FA462C0005EC6A /* mlx_xpm.c */,
				0DBA553025FA462C0005EC6A /* mlx_xpm.o */,
				0DBA553125FA462C0005EC6A /* TEST.txt */,
			);
			sourceTree = "<group>";
		};
/* End PBXGroup section */

/* Begin PBXLegacyTarget section */
		0DBA551325FA462C0005EC6A /* mlx */ = {
			isa = PBXLegacyTarget;
			buildArgumentsString = "$(ACTION)";
			buildConfigurationList = 0DBA553225FA462C0005EC6A /* Build configuration list for PBXLegacyTarget "mlx" */;
			buildPhases = (
			);
			buildToolPath = /usr/bin/make;
			buildWorkingDirectory = /Users/ydemura/Desktop/cub3D/setup_mlx/mlx;
			dependencies = (
			);
			name = mlx;
			passBuildSettingsInEnvironment = 1;
			productName = mlx;
		};
/* End PBXLegacyTarget section */

/* Begin PBXProject section */
		0DBA550F25FA462C0005EC6A /* Project object */ = {
			isa = PBXProject;
			attributes = {
			};
			buildConfigurationList = 0DBA551225FA462C0005EC6A /* Build configuration list for PBXProject "mlx" */;
			compatibilityVersion = "Xcode 9.3";
			developmentRegion = en;
			hasScannedForEncodings = 0;
			knownRegions = (
				en,
				Base,
			);
			mainGroup = 0DBA550E25FA462C0005EC6A;
			projectDirPath = "";
			projectRoot = "";
			targets = (
				0DBA551325FA462C0005EC6A /* mlx */,
			);
		};
/* End PBXProject section */

/* Begin XCBuildConfiguration section */
		0DBA551025FA462C0005EC6A /* Debug */ = {
			isa = XCBuildConfiguration;
			buildSettings = {
				ARCHS = "$(ARCHS_STANDARD_32_BIT)";
				COPY_PHASE_STRIP = NO;
				GCC_WARN_ABOUT_RETURN_TYPE = YES;
				GCC_WARN_UNUSED_VARIABLE = YES;
				ONLY_ACTIVE_ARCH = YES;
				SDKROOT = macosx10.6;
			};
			name = Debug;
		};
		0DBA551125FA462C0005EC6A /* Release */ = {
			isa = XCBuildConfiguration;
			buildSettings = {
				ARCHS = "$(ARCHS_STANDARD_32_BIT)";
				COPY_PHASE_STRIP = YES;
				GCC_WARN_ABOUT_RETURN_TYPE = YES;
				GCC_WARN_UNUSED_VARIABLE = YES;
				SDKROOT = macosx10.6;
			};
			name = Release;
		};
		0DBA553325FA462C0005EC6A /* Debug */ = {
			isa = XCBuildConfiguration;
			buildSettings = {
				COPY_PHASE_STRIP = NO;
				DEBUGGING_SYMBOLS = YES;
				GCC_DYNAMIC_NO_PIC = NO;
				GCC_ENABLE_FIX_AND_CONTINUE = YES;
				GCC_GENERATE_DEBUGGING_SYMBOLS = YES;
				GCC_OPTIMIZATION_LEVEL = 0;
				OTHER_CFLAGS = "";
				OTHER_LDFLAGS = "";
				PRODUCT_NAME = mlx;
			};
			name = Debug;
		};
		0DBA553425FA462C0005EC6A /* Release */ = {
			isa = XCBuildConfiguration;
			buildSettings = {
				COPY_PHASE_STRIP = YES;
				DEBUG_INFORMATION_FORMAT = "dwarf-with-dsym";
				GCC_ENABLE_FIX_AND_CONTINUE = NO;
				OTHER_CFLAGS = "";
				OTHER_LDFLAGS = "";
				PRODUCT_NAME = mlx;
			};
			name = Release;
		};
/* End XCBuildConfiguration section */

/* Begin XCConfigurationList section */
		0DBA551225FA462C0005EC6A /* Build configuration list for PBXProject "mlx" */ = {
			isa = XCConfigurationList;
			buildConfigurations = (
				0DBA551025FA462C0005EC6A /* Debug */,
				0DBA551125FA462C0005EC6A /* Release */,
			);
			defaultConfigurationIsVisible = 0;
			defaultConfigurationName = Release;
		};
		0DBA553225FA462C0005EC6A /* Build configuration list for PBXLegacyTarget "mlx" */ = {
			isa = XCConfigurationList;
			buildConfigurations = (
				0DBA553325FA462C0005EC6A /* Debug */,
				0DBA553425FA462C0005EC6A /* Release */,
			);
			defaultConfigurationIsVisible = 0;
			defaultConfigurationName = Release;
		};
/* End XCConfigurationList section */
	};
	rootObject = 0DBA550F25FA462C0005EC6A /* Project object */;
}
